
Microsoft Visual Studio Solution File, Format Version 12.00
# Visual Studio Version 17
VisualStudioVersion = 17.7.34031.279
MinimumVisualStudioVersion = 10.0.40219.1
Project("{FAE04EC0-301F-11D3-BF4B-00C04F79EFBC}") = "WebApp_SolarIOT", "WebApp_SolarIOT\WebApp_SolarIOT.csproj", "{ADB0C9FE-6B98-4678-A78C-BDF0D4A09389}"
EndProject
Global
	GlobalSection(SolutionConfigurationPlatforms) = preSolution
		Debug|Any CPU = Debug|Any CPU
		Release|Any CPU = Release|Any CPU
	EndGlobalSection
	GlobalSection(ProjectConfigurationPlatforms) = postSolution
		{ADB0C9FE-6B98-4678-A78C-BDF0D4A09389}.Debug|Any CPU.ActiveCfg = Debug|Any CPU
		{ADB0C9FE-6B98-4678-A78C-BDF0D4A09389}.Debug|Any CPU.Build.0 = Debug|Any CPU
		{ADB0C9FE-6B98-4678-A78C-BDF0D4A09389}.Release|Any CPU.ActiveCfg = Release|Any CPU
		{ADB0C9FE-6B98-4678-A78C-BDF0D4A09389}.Release|Any CPU.Build.0 = Release|Any CPU
	EndGlobalSection
	GlobalSection(SolutionProperties) = preSolution
		HideSolutionNode = FALSE
	EndGlobalSection
	GlobalSection(ExtensibilityGlobals) = postSolution
		SolutionGuid = {B5520A9C-3864-42BF-B31D-D4ECDF7CC5BD}
	EndGlobalSection
EndGlobal
